
Microsoft Visual Studio Solution File, Format Version 12.00
# Visual Studio 15
VisualStudioVersion = 15.0.26403.7
MinimumVisualStudioVersion = 10.0.40219.1
Project("{FAE04EC0-301F-11D3-BF4B-00C04F79EFBC}") = "PPB Client", "PPB Client\PPB Client.csproj", "{BC862D47-6468-4FAD-ACB2-FB0E43D3A89C}"
EndProject
Project("{FAE04EC0-301F-11D3-BF4B-00C04F79EFBC}") = "PPB Server", "PPB Server\PPB Server.csproj", "{BF4459F3-3ECC-4CE4-8062-7A5AD75D4235}"
EndProject
Global
	GlobalSection(SolutionConfigurationPlatforms) = preSolution
		Debug|Any CPU = Debug|Any CPU
		Release|Any CPU = Release|Any CPU
	EndGlobalSection
	GlobalSection(ProjectConfigurationPlatforms) = postSolution
		{BC862D47-6468-4FAD-ACB2-FB0E43D3A89C}.Debug|Any CPU.ActiveCfg = Debug|Any CPU
		{BC862D47-6468-4FAD-ACB2-FB0E43D3A89C}.Debug|Any CPU.Build.0 = Debug|Any CPU
		{BC862D47-6468-4FAD-ACB2-FB0E43D3A89C}.Release|Any CPU.ActiveCfg = Release|Any CPU
		{BC862D47-6468-4FAD-ACB2-FB0E43D3A89C}.Release|Any CPU.Build.0 = Release|Any CPU
		{BF4459F3-3ECC-4CE4-8062-7A5AD75D4235}.Debug|Any CPU.ActiveCfg = Debug|Any CPU
		{BF4459F3-3ECC-4CE4-8062-7A5AD75D4235}.Debug|Any CPU.Build.0 = Debug|Any CPU
		{BF4459F3-3ECC-4CE4-8062-7A5AD75D4235}.Release|Any CPU.ActiveCfg = Release|Any CPU
		{BF4459F3-3ECC-4CE4-8062-7A5AD75D4235}.Release|Any CPU.Build.0 = Release|Any CPU
	EndGlobalSection
	GlobalSection(SolutionProperties) = preSolution
		HideSolutionNode = FALSE
	EndGlobalSection
EndGlobal
